// !$*UTF8*$!
{
	archiveVersion = 1;
	classes = {
	};
	objectVersion = 56;
	objects = {

/* Begin PBXBuildFile section */
		432F34EA2A177663007A3DCA /* CatchThisApp.swift in Sources */ = {isa = PBXBuildFile; fileRef = 432F34E92A177663007A3DCA /* CatchThisApp.swift */; };
		432F34EC2A177663007A3DCA /* MainView.swift in Sources */ = {isa = PBXBuildFile; fileRef = 432F34EB2A177663007A3DCA /* MainView.swift */; };
		432F34EE2A177664007A3DCA /* Assets.xcassets in Resources */ = {isa = PBXBuildFile; fileRef = 432F34ED2A177664007A3DCA /* Assets.xcassets */; };
		432F34F12A177664007A3DCA /* Preview Assets.xcassets in Resources */ = {isa = PBXBuildFile; fileRef = 432F34F02A177664007A3DCA /* Preview Assets.xcassets */; };
		432F34FA2A177771007A3DCA /* CameraView.swift in Sources */ = {isa = PBXBuildFile; fileRef = 432F34F92A177771007A3DCA /* CameraView.swift */; };
		432F34FC2A177D16007A3DCA /* HandPoseClassifierModel.mlmodel in Sources */ = {isa = PBXBuildFile; fileRef = 432F34FB2A177D16007A3DCA /* HandPoseClassifierModel.mlmodel */; };
		432F35002A1F41D2007A3DCA /* MainViewModel.swift in Sources */ = {isa = PBXBuildFile; fileRef = 432F34FF2A1F41D2007A3DCA /* MainViewModel.swift */; };
/* End PBXBuildFile section */

/* Begin PBXFileReference section */
		432F34E62A177663007A3DCA /* Hand Gestures ML.app */ = {isa = PBXFileReference; explicitFileType = wrapper.application; includeInIndex = 0; path = "Hand Gestures ML.app"; sourceTree = BUILT_PRODUCTS_DIR; };
		432F34E92A177663007A3DCA /* CatchThisApp.swift */ = {isa = PBXFileReference; lastKnownFileType = sourcecode.swift; path = CatchThisApp.swift; sourceTree = "<group>"; };
		432F34EB2A177663007A3DCA /* MainView.swift */ = {isa = PBXFileReference; lastKnownFileType = sourcecode.swift; path = MainView.swift; sourceTree = "<group>"; };
		432F34ED2A177664007A3DCA /* Assets.xcassets */ = {isa = PBXFileReference; lastKnownFileType = folder.assetcatalog; path = Assets.xcassets; sourceTree = "<group>"; };
		432F34F02A177664007A3DCA /* Preview Assets.xcassets */ = {isa = PBXFileReference; lastKnownFileType = folder.assetcatalog; path = "Preview Assets.xcassets"; sourceTree = "<group>"; };
		432F34F92A177771007A3DCA /* CameraView.swift */ = {isa = PBXFileReference; lastKnownFileType = sourcecode.swift; path = CameraView.swift; sourceTree = "<group>"; };
		432F34FB2A177D16007A3DCA /* HandPoseClassifierModel.mlmodel */ = {isa = PBXFileReference; lastKnownFileType = file.mlmodel; path = HandPoseClassifierModel.mlmodel; sourceTree = "<group>"; };
		432F34FF2A1F41D2007A3DCA /* MainViewModel.swift */ = {isa = PBXFileReference; lastKnownFileType = sourcecode.swift; path = MainViewModel.swift; sourceTree = "<group>"; };
/* End PBXFileReference section */

/* Begin PBXFrameworksBuildPhase section */
		432F34E32A177663007A3DCA /* Frameworks */ = {
			isa = PBXFrameworksBuildPhase;
			buildActionMask = 2147483647;
			files = (
			);
			runOnlyForDeploymentPostprocessing = 0;
		};
/* End PBXFrameworksBuildPhase section */

/* Begin PBXGroup section */
		432F34DD2A177663007A3DCA = {
			isa = PBXGroup;
			children = (
				432F34E82A177663007A3DCA /* Hand Gestures ML */,
				432F34E72A177663007A3DCA /* Products */,
			);
			sourceTree = "<group>";
		};
		432F34E72A177663007A3DCA /* Products */ = {
			isa = PBXGroup;
			children = (
				432F34E62A177663007A3DCA /* Hand Gestures ML.app */,
			);
			name = Products;
			sourceTree = "<group>";
		};
		432F34E82A177663007A3DCA /* Hand Gestures ML */ = {
			isa = PBXGroup;
			children = (
				432F34E92A177663007A3DCA /* CatchThisApp.swift */,
				432F35012A1F4254007A3DCA /* View */,
				432F35022A1F4261007A3DCA /* ViewModel */,
				432F34FB2A177D16007A3DCA /* HandPoseClassifierModel.mlmodel */,
				432F34ED2A177664007A3DCA /* Assets.xcassets */,
				432F34EF2A177664007A3DCA /* Preview Content */,
			);
			path = "Hand Gestures ML";
			sourceTree = "<group>";
		};
		432F34EF2A177664007A3DCA /* Preview Content */ = {
			isa = PBXGroup;
			children = (
				432F34F02A177664007A3DCA /* Preview Assets.xcassets */,
			);
			path = "Preview Content";
			sourceTree = "<group>";
		};
		432F35012A1F4254007A3DCA /* View */ = {
			isa = PBXGroup;
			children = (
				432F34F92A177771007A3DCA /* CameraView.swift */,
				432F34EB2A177663007A3DCA /* MainView.swift */,
			);
			path = View;
			sourceTree = "<group>";
		};
		432F35022A1F4261007A3DCA /* ViewModel */ = {
			isa = PBXGroup;
			children = (
				432F34FF2A1F41D2007A3DCA /* MainViewModel.swift */,
			);
			path = ViewModel;
			sourceTree = "<group>";
		};
/* End PBXGroup section */

/* Begin PBXNativeTarget section */
		432F34E52A177663007A3DCA /* Hand Gestures ML */ = {
			isa = PBXNativeTarget;
			buildConfigurationList = 432F34F42A177664007A3DCA /* Build configuration list for PBXNativeTarget "Hand Gestures ML" */;
			buildPhases = (
				432F34E22A177663007A3DCA /* Sources */,
				432F34E32A177663007A3DCA /* Frameworks */,
				432F34E42A177663007A3DCA /* Resources */,
			);
			buildRules = (
			);
			dependencies = (
			);
			name = "Hand Gestures ML";
			productName = "Hand Gestures ML";
			productReference = 432F34E62A177663007A3DCA /* Hand Gestures ML.app */;
			productType = "com.apple.product-type.application";
		};
/* End PBXNativeTarget section */

/* Begin PBXProject section */
		432F34DE2A177663007A3DCA /* Project object */ = {
			isa = PBXProject;
			attributes = {
				BuildIndependentTargetsInParallel = 1;
				LastSwiftUpdateCheck = 1430;
				LastUpgradeCheck = 1430;
				TargetAttributes = {
					432F34E52A177663007A3DCA = {
						CreatedOnToolsVersion = 14.3;
					};
				};
			};
			buildConfigurationList = 432F34E12A177663007A3DCA /* Build configuration list for PBXProject "CatchThis" */;
			compatibilityVersion = "Xcode 14.0";
			developmentRegion = en;
			hasScannedForEncodings = 0;
			knownRegions = (
				en,
				Base,
			);
			mainGroup = 432F34DD2A177663007A3DCA;
			productRefGroup = 432F34E72A177663007A3DCA /* Products */;
			projectDirPath = "";
			projectRoot = "";
			targets = (
				432F34E52A177663007A3DCA /* Hand Gestures ML */,
			);
		};
/* End PBXProject section */

/* Begin PBXResourcesBuildPhase section */
		432F34E42A177663007A3DCA /* Resources */ = {
			isa = PBXResourcesBuildPhase;
			buildActionMask = 2147483647;
			files = (
				432F34F12A177664007A3DCA /* Preview Assets.xcassets in Resources */,
				432F34EE2A177664007A3DCA /* Assets.xcassets in Resources */,
			);
			runOnlyForDeploymentPostprocessing = 0;
		};
/* End PBXResourcesBuildPhase section */

/* Begin PBXSourcesBuildPhase section */
		432F34E22A177663007A3DCA /* Sources */ = {
			isa = PBXSourcesBuildPhase;
			buildActionMask = 2147483647;
			files = (
				432F35002A1F41D2007A3DCA /* MainViewModel.swift in Sources */,
				432F34EC2A177663007A3DCA /* MainView.swift in Sources */,
				432F34FC2A177D16007A3DCA /* HandPoseClassifierModel.mlmodel in Sources */,
				432F34FA2A177771007A3DCA /* CameraView.swift in Sources */,
				432F34EA2A177663007A3DCA /* CatchThisApp.swift in Sources */,
			);
			runOnlyForDeploymentPostprocessing = 0;
		};
/* End PBXSourcesBuildPhase section */

/* Begin XCBuildConfiguration section */
		432F34F22A177664007A3DCA /* Debug */ = {
			isa = XCBuildConfiguration;
			buildSettings = {
				ALWAYS_SEARCH_USER_PATHS = NO;
				CLANG_ANALYZER_NONNULL = YES;
				CLANG_ANALYZER_NUMBER_OBJECT_CONVERSION = YES_AGGRESSIVE;
				CLANG_CXX_LANGUAGE_STANDARD = "gnu++20";
				CLANG_ENABLE_MODULES = YES;
				CLANG_ENABLE_OBJC_ARC = YES;
				CLANG_ENABLE_OBJC_WEAK = YES;
				CLANG_WARN_BLOCK_CAPTURE_AUTORELEASING = YES;
				CLANG_WARN_BOOL_CONVERSION = YES;
				CLANG_WARN_COMMA = YES;
				CLANG_WARN_CONSTANT_CONVERSION = YES;
				CLANG_WARN_DEPRECATED_OBJC_IMPLEMENTATIONS = YES;
				CLANG_WARN_DIRECT_OBJC_ISA_USAGE = YES_ERROR;
				CLANG_WARN_DOCUMENTATION_COMMENTS = YES;
				CLANG_WARN_EMPTY_BODY = YES;
				CLANG_WARN_ENUM_CONVERSION = YES;
				CLANG_WARN_INFINITE_RECURSION = YES;
				CLANG_WARN_INT_CONVERSION = YES;
				CLANG_WARN_NON_LITERAL_NULL_CONVERSION = YES;
				CLANG_WARN_OBJC_IMPLICIT_RETAIN_SELF = YES;
				CLANG_WARN_OBJC_LITERAL_CONVERSION = YES;
				CLANG_WARN_OBJC_ROOT_CLASS = YES_ERROR;
				CLANG_WARN_QUOTED_INCLUDE_IN_FRAMEWORK_HEADER = YES;
				CLANG_WARN_RANGE_LOOP_ANALYSIS = YES;
				CLANG_WARN_STRICT_PROTOTYPES = YES;
				CLANG_WARN_SUSPICIOUS_MOVE = YES;
				CLANG_WARN_UNGUARDED_AVAILABILITY = YES_AGGRESSIVE;
				CLANG_WARN_UNREACHABLE_CODE = YES;
				CLANG_WARN__DUPLICATE_METHOD_MATCH = YES;
				COPY_PHASE_STRIP = NO;
				DEBUG_INFORMATION_FORMAT = dwarf;
				ENABLE_STRICT_OBJC_MSGSEND = YES;
				ENABLE_TESTABILITY = YES;
				GCC_C_LANGUAGE_STANDARD = gnu11;
				GCC_DYNAMIC_NO_PIC = NO;
				GCC_NO_COMMON_BLOCKS = YES;
				GCC_OPTIMIZATION_LEVEL = 0;
				GCC_PREPROCESSOR_DEFINITIONS = (
					"DEBUG=1",
					"$(inherited)",
				);
				GCC_WARN_64_TO_32_BIT_CONVERSION = YES;
				GCC_WARN_ABOUT_RETURN_TYPE = YES_ERROR;
				GCC_WARN_UNDECLARED_SELECTOR = YES;
				GCC_WARN_UNINITIALIZED_AUTOS = YES_AGGRESSIVE;
				GCC_WARN_UNUSED_FUNCTION = YES;
				GCC_WARN_UNUSED_VARIABLE = YES;
				IPHONEOS_DEPLOYMENT_TARGET = 16.4;
				MTL_ENABLE_DEBUG_INFO = INCLUDE_SOURCE;
				MTL_FAST_MATH = YES;
				ONLY_ACTIVE_ARCH = YES;
				SDKROOT = iphoneos;
				SWIFT_ACTIVE_COMPILATION_CONDITIONS = DEBUG;
				SWIFT_OPTIMIZATION_LEVEL = "-Onone";
			};
			name = Debug;
		};
		432F34F32A177664007A3DCA /* Release */ = {
			isa = XCBuildConfiguration;
			buildSettings = {
				ALWAYS_SEARCH_USER_PATHS = NO;
				CLANG_ANALYZER_NONNULL = YES;
				CLANG_ANALYZER_NUMBER_OBJECT_CONVERSION = YES_AGGRESSIVE;
				CLANG_CXX_LANGUAGE_STANDARD = "gnu++20";
				CLANG_ENABLE_MODULES = YES;
				CLANG_ENABLE_OBJC_ARC = YES;
				CLANG_ENABLE_OBJC_WEAK = YES;
				CLANG_WARN_BLOCK_CAPTURE_AUTORELEASING = YES;
				CLANG_WARN_BOOL_CONVERSION = YES;
				CLANG_WARN_COMMA = YES;
				CLANG_WARN_CONSTANT_CONVERSION = YES;
				CLANG_WARN_DEPRECATED_OBJC_IMPLEMENTATIONS = YES;
				CLANG_WARN_DIRECT_OBJC_ISA_USAGE = YES_ERROR;
				CLANG_WARN_DOCUMENTATION_COMMENTS = YES;
				CLANG_WARN_EMPTY_BODY = YES;
				CLANG_WARN_ENUM_CONVERSION = YES;
				CLANG_WARN_INFINITE_RECURSION = YES;
				CLANG_WARN_INT_CONVERSION = YES;
				CLANG_WARN_NON_LITERAL_NULL_CONVERSION = YES;
				CLANG_WARN_OBJC_IMPLICIT_RETAIN_SELF = YES;
				CLANG_WARN_OBJC_LITERAL_CONVERSION = YES;
				CLANG_WARN_OBJC_ROOT_CLASS = YES_ERROR;
				CLANG_WARN_QUOTED_INCLUDE_IN_FRAMEWORK_HEADER = YES;
				CLANG_WARN_RANGE_LOOP_ANALYSIS = YES;
				CLANG_WARN_STRICT_PROTOTYPES = YES;
				CLANG_WARN_SUSPICIOUS_MOVE = YES;
				CLANG_WARN_UNGUARDED_AVAILABILITY = YES_AGGRESSIVE;
				CLANG_WARN_UNREACHABLE_CODE = YES;
				CLANG_WARN__DUPLICATE_METHOD_MATCH = YES;
				COPY_PHASE_STRIP = NO;
				DEBUG_INFORMATION_FORMAT = "dwarf-with-dsym";
				ENABLE_NS_ASSERTIONS = NO;
				ENABLE_STRICT_OBJC_MSGSEND = YES;
				GCC_C_LANGUAGE_STANDARD = gnu11;
				GCC_NO_COMMON_BLOCKS = YES;
				GCC_WARN_64_TO_32_BIT_CONVERSION = YES;
				GCC_WARN_ABOUT_RETURN_TYPE = YES_ERROR;
				GCC_WARN_UNDECLARED_SELECTOR = YES;
				GCC_WARN_UNINITIALIZED_AUTOS = YES_AGGRESSIVE;
				GCC_WARN_UNUSED_FUNCTION = YES;
				GCC_WARN_UNUSED_VARIABLE = YES;
				IPHONEOS_DEPLOYMENT_TARGET = 16.4;
				MTL_ENABLE_DEBUG_INFO = NO;
				MTL_FAST_MATH = YES;
				SDKROOT = iphoneos;
				SWIFT_COMPILATION_MODE = wholemodule;
				SWIFT_OPTIMIZATION_LEVEL = "-O";
				VALIDATE_PRODUCT = YES;
			};
			name = Release;
		};
		432F34F52A177664007A3DCA /* Debug */ = {
			isa = XCBuildConfiguration;
			buildSettings = {
				ASSETCATALOG_COMPILER_APPICON_NAME = AppIcon;
				ASSETCATALOG_COMPILER_GLOBAL_ACCENT_COLOR_NAME = AccentColor;
				CODE_SIGN_IDENTITY = "Apple Development";
				CODE_SIGN_STYLE = Automatic;
				CURRENT_PROJECT_VERSION = 1;
				DEVELOPMENT_ASSET_PATHS = "\"Hand Gestures ML/Preview Content\"";
				DEVELOPMENT_TEAM = G4VYKVQHB6;
				ENABLE_PREVIEWS = YES;
				GENERATE_INFOPLIST_FILE = YES;
				INFOPLIST_KEY_CFBundleDisplayName = "Catch This!";
				INFOPLIST_KEY_NSCameraUsageDescription = "We need camera access";
				INFOPLIST_KEY_UIApplicationSceneManifest_Generation = YES;
				INFOPLIST_KEY_UIApplicationSupportsIndirectInputEvents = YES;
				INFOPLIST_KEY_UILaunchScreen_Generation = YES;
				INFOPLIST_KEY_UISupportedInterfaceOrientations = UIInterfaceOrientationPortrait;
				LD_RUNPATH_SEARCH_PATHS = (
					"$(inherited)",
					"@executable_path/Frameworks",
				);
				MARKETING_VERSION = 1.0;
				PRODUCT_BUNDLE_IDENTIFIER = "com.saepasomba.Hand-Gestures-ML";
				PRODUCT_NAME = "$(TARGET_NAME)";
				PROVISIONING_PROFILE_SPECIFIER = "";
				SUPPORTED_PLATFORMS = "iphoneos iphonesimulator";
				SUPPORTS_MACCATALYST = NO;
				SUPPORTS_MAC_DESIGNED_FOR_IPHONE_IPAD = YES;
				SWIFT_EMIT_LOC_STRINGS = YES;
				SWIFT_VERSION = 5.0;
				TARGETED_DEVICE_FAMILY = 1;
			};
			name = Debug;
		};
		432F34F62A177664007A3DCA /* Release */ = {
			isa = XCBuildConfiguration;
			buildSettings = {
				ASSETCATALOG_COMPILER_APPICON_NAME = AppIcon;
				ASSETCATALOG_COMPILER_GLOBAL_ACCENT_COLOR_NAME = AccentColor;
				CODE_SIGN_IDENTITY = "Apple Development";
				CODE_SIGN_STYLE = Automatic;
				CURRENT_PROJECT_VERSION = 1;
				DEVELOPMENT_ASSET_PATHS = "\"Hand Gestures ML/Preview Content\"";
				DEVELOPMENT_TEAM = G4VYKVQHB6;
				ENABLE_PREVIEWS = YES;
				GENERATE_INFOPLIST_FILE = YES;
				INFOPLIST_KEY_CFBundleDisplayName = "Catch This!";
				INFOPLIST_KEY_NSCameraUsageDescription = "We need camera access";
				INFOPLIST_KEY_UIApplicationSceneManifest_Generation = YES;
				INFOPLIST_KEY_UIApplicationSupportsIndirectInputEvents = YES;
				INFOPLIST_KEY_UILaunchScreen_Generation = YES;
				INFOPLIST_KEY_UISupportedInterfaceOrientations = UIInterfaceOrientationPortrait;
				LD_RUNPATH_SEARCH_PATHS = (
					"$(inherited)",
					"@executable_path/Frameworks",
				);
				MARKETING_VERSION = 1.0;
				PRODUCT_BUNDLE_IDENTIFIER = "com.saepasomba.Hand-Gestures-ML";
				PRODUCT_NAME = "$(TARGET_NAME)";
				PROVISIONING_PROFILE_SPECIFIER = "";
				SUPPORTED_PLATFORMS = "iphoneos iphonesimulator";
				SUPPORTS_MACCATALYST = NO;
				SUPPORTS_MAC_DESIGNED_FOR_IPHONE_IPAD = YES;
				SWIFT_EMIT_LOC_STRINGS = YES;
				SWIFT_VERSION = 5.0;
				TARGETED_DEVICE_FAMILY = 1;
			};
			name = Release;
		};
/* End XCBuildConfiguration section */

/* Begin XCConfigurationList section */
		432F34E12A177663007A3DCA /* Build configuration list for PBXProject "CatchThis" */ = {
			isa = XCConfigurationList;
			buildConfigurations = (
				432F34F22A177664007A3DCA /* Debug */,
				432F34F32A177664007A3DCA /* Release */,
			);
			defaultConfigurationIsVisible = 0;
			defaultConfigurationName = Release;
		};
		432F34F42A177664007A3DCA /* Build configuration list for PBXNativeTarget "Hand Gestures ML" */ = {
			isa = XCConfigurationList;
			buildConfigurations = (
				432F34F52A177664007A3DCA /* Debug */,
				432F34F62A177664007A3DCA /* Release */,
			);
			defaultConfigurationIsVisible = 0;
			defaultConfigurationName = Release;
		};
/* End XCConfigurationList section */
	};
	rootObject = 432F34DE2A177663007A3DCA /* Project object */;
}
